
Microsoft Visual Studio Solution File, Format Version 12.00
# Visual Studio Version 16
VisualStudioVersion = 16.0.30413.136
MinimumVisualStudioVersion = 10.0.40219.1
Project("{FAE04EC0-301F-11D3-BF4B-00C04F79EFBC}") = "InforSup", "InforSup\InforSup.csproj", "{5B97F4F6-3BAF-4661-B4F7-900CB2549C7F}"
EndProject
Project("{FAE04EC0-301F-11D3-BF4B-00C04F79EFBC}") = "Database", "Database\Database.csproj", "{8A3C8662-480A-4D8B-8185-2E7EA8D1E099}"
EndProject
Global
	GlobalSection(SolutionConfigurationPlatforms) = preSolution
		Debug|Any CPU = Debug|Any CPU
		Release|Any CPU = Release|Any CPU
	EndGlobalSection
	GlobalSection(ProjectConfigurationPlatforms) = postSolution
		{5B97F4F6-3BAF-4661-B4F7-900CB2549C7F}.Debug|Any CPU.ActiveCfg = Debug|Any CPU
		{5B97F4F6-3BAF-4661-B4F7-900CB2549C7F}.Debug|Any CPU.Build.0 = Debug|Any CPU
		{5B97F4F6-3BAF-4661-B4F7-900CB2549C7F}.Release|Any CPU.ActiveCfg = Release|Any CPU
		{5B97F4F6-3BAF-4661-B4F7-900CB2549C7F}.Release|Any CPU.Build.0 = Release|Any CPU
		{8A3C8662-480A-4D8B-8185-2E7EA8D1E099}.Debug|Any CPU.ActiveCfg = Debug|Any CPU
		{8A3C8662-480A-4D8B-8185-2E7EA8D1E099}.Debug|Any CPU.Build.0 = Debug|Any CPU
		{8A3C8662-480A-4D8B-8185-2E7EA8D1E099}.Release|Any CPU.ActiveCfg = Release|Any CPU
		{8A3C8662-480A-4D8B-8185-2E7EA8D1E099}.Release|Any CPU.Build.0 = Release|Any CPU
	EndGlobalSection
	GlobalSection(SolutionProperties) = preSolution
		HideSolutionNode = FALSE
	EndGlobalSection
	GlobalSection(ExtensibilityGlobals) = postSolution
		SolutionGuid = {B65F026C-B42A-4815-BD4D-39DBE084BF23}
	EndGlobalSection
EndGlobal
